// !$*UTF8*$!
{
	archiveVersion = 1;
	classes = {
	};
	objectVersion = 56;
	objects = {

/* Begin PBXBuildFile section */
		CC5144242A33999900D5ED87 /* OvalBuzzCut.usdz in Resources */ = {isa = PBXBuildFile; fileRef = CC5144162A33999800D5ED87 /* OvalBuzzCut.usdz */; };
		CC5144252A33999900D5ED87 /* OvalTaperSlickback.usdz in Resources */ = {isa = PBXBuildFile; fileRef = CC5144172A33999800D5ED87 /* OvalTaperSlickback.usdz */; };
		CC5144272A33999900D5ED87 /* OvalSpiky.usdz in Resources */ = {isa = PBXBuildFile; fileRef = CC5144192A33999800D5ED87 /* OvalSpiky.usdz */; };
		CC5144292A33999900D5ED87 /* OvalShortCrewCut.usdz in Resources */ = {isa = PBXBuildFile; fileRef = CC51441B2A33999800D5ED87 /* OvalShortCrewCut.usdz */; };
		CC51442C2A33999900D5ED87 /* OvalPompadour.usdz in Resources */ = {isa = PBXBuildFile; fileRef = CC51441E2A33999900D5ED87 /* OvalPompadour.usdz */; };
		CC51442D2A33999900D5ED87 /* OvalSidePart.usdz in Resources */ = {isa = PBXBuildFile; fileRef = CC51441F2A33999900D5ED87 /* OvalSidePart.usdz */; };
		CC51444F2A34DEC700D5ED87 /* tubeShape.usdz in Resources */ = {isa = PBXBuildFile; fileRef = CC51444E2A34DEC600D5ED87 /* tubeShape.usdz */; };
		CC5144542A34FE0700D5ED87 /* faceShapeTest.rcproject in Sources */ = {isa = PBXBuildFile; fileRef = CC5144532A34FE0700D5ED87 /* faceShapeTest.rcproject */; };
		CC5144822A36E47D00D5ED87 /* ARMatching.swift in Sources */ = {isa = PBXBuildFile; fileRef = CC5144812A36E47D00D5ED87 /* ARMatching.swift */; };
		CC6E8EB22A28954A0017962E /* ListRecommendatioView.swift in Sources */ = {isa = PBXBuildFile; fileRef = CC6E8EB12A28954A0017962E /* ListRecommendatioView.swift */; };
		CC6E8EB42A2898D80017962E /* ARView.swift in Sources */ = {isa = PBXBuildFile; fileRef = CC6E8EB32A2898D80017962E /* ARView.swift */; };
		CC6E8EB62A28DA710017962E /* CustomSheetView.swift in Sources */ = {isa = PBXBuildFile; fileRef = CC6E8EB52A28DA710017962E /* CustomSheetView.swift */; };
		CC6E8EB82A2905C60017962E /* Preview3dView.swift in Sources */ = {isa = PBXBuildFile; fileRef = CC6E8EB72A2905C60017962E /* Preview3dView.swift */; };
		CC6E8EBA2A2906710017962E /* 3dModelData.swift in Sources */ = {isa = PBXBuildFile; fileRef = CC6E8EB92A2906710017962E /* 3dModelData.swift */; };
		CC6E8EBC2A290BC90017962E /* ColorEnum.swift in Sources */ = {isa = PBXBuildFile; fileRef = CC6E8EBB2A290BC90017962E /* ColorEnum.swift */; };
		CC6E8EC62A29C2B90017962E /* ClassModalShow.swift in Sources */ = {isa = PBXBuildFile; fileRef = CC6E8EC52A29C2B90017962E /* ClassModalShow.swift */; };
		CC6E8EC82A29C32B0017962E /* DetailRecommendationView.swift in Sources */ = {isa = PBXBuildFile; fileRef = CC6E8EC72A29C32B0017962E /* DetailRecommendationView.swift */; };
		CCB2AFE62A24080000086C46 /* PageIntro.swift in Sources */ = {isa = PBXBuildFile; fileRef = CCB2AFE52A24080000086C46 /* PageIntro.swift */; };
		CCB2AFE82A2409E800086C46 /* Home.swift in Sources */ = {isa = PBXBuildFile; fileRef = CCB2AFE72A2409E800086C46 /* Home.swift */; };
		CCB2AFEA2A254DB500086C46 /* CustomIndicator.swift in Sources */ = {isa = PBXBuildFile; fileRef = CCB2AFE92A254DB500086C46 /* CustomIndicator.swift */; };
		CCC679852A1FDC8200F59CA8 /* AssistantRealityApp.swift in Sources */ = {isa = PBXBuildFile; fileRef = CCC679842A1FDC8200F59CA8 /* AssistantRealityApp.swift */; };
		CCC679872A1FDC8200F59CA8 /* ContentView.swift in Sources */ = {isa = PBXBuildFile; fileRef = CCC679862A1FDC8200F59CA8 /* ContentView.swift */; };
		CCC679892A1FDC8300F59CA8 /* Assets.xcassets in Resources */ = {isa = PBXBuildFile; fileRef = CCC679882A1FDC8300F59CA8 /* Assets.xcassets */; };
		CCC6798C2A1FDC8300F59CA8 /* Preview Assets.xcassets in Resources */ = {isa = PBXBuildFile; fileRef = CCC6798B2A1FDC8300F59CA8 /* Preview Assets.xcassets */; };
		CCC679932A1FDC9700F59CA8 /* SplashScreen.swift in Sources */ = {isa = PBXBuildFile; fileRef = CCC679922A1FDC9700F59CA8 /* SplashScreen.swift */; };
		CCEF40612A3723A800E5966F /* DiamondBuzzCut.usdz in Resources */ = {isa = PBXBuildFile; fileRef = CCEF405B2A3723A700E5966F /* DiamondBuzzCut.usdz */; };
		CCEF40622A3723A800E5966F /* DiamondPompadour.usdz in Resources */ = {isa = PBXBuildFile; fileRef = CCEF405C2A3723A800E5966F /* DiamondPompadour.usdz */; };
		CCEF40632A3723A800E5966F /* DiamondSpiky.usdz in Resources */ = {isa = PBXBuildFile; fileRef = CCEF405D2A3723A800E5966F /* DiamondSpiky.usdz */; };
		CCEF40642A3723A800E5966F /* DiamondShortCrewCut.usdz in Resources */ = {isa = PBXBuildFile; fileRef = CCEF405E2A3723A800E5966F /* DiamondShortCrewCut.usdz */; };
		CCEF40652A3723A800E5966F /* DiamondSidePart.usdz in Resources */ = {isa = PBXBuildFile; fileRef = CCEF405F2A3723A800E5966F /* DiamondSidePart.usdz */; };
		CCEF40662A3723A800E5966F /* DiamondTaperSlickBack.usdz in Resources */ = {isa = PBXBuildFile; fileRef = CCEF40602A3723A800E5966F /* DiamondTaperSlickBack.usdz */; };
		CCEF406D2A3724DC00E5966F /* RectangleShortCrewCut.usdz in Resources */ = {isa = PBXBuildFile; fileRef = CCEF40672A3724DC00E5966F /* RectangleShortCrewCut.usdz */; };
		CCEF406E2A3724DC00E5966F /* RectangleTaperSlickback.usdz in Resources */ = {isa = PBXBuildFile; fileRef = CCEF40682A3724DC00E5966F /* RectangleTaperSlickback.usdz */; };
		CCEF406F2A3724DC00E5966F /* RectangleBuzzCut.usdz in Resources */ = {isa = PBXBuildFile; fileRef = CCEF40692A3724DC00E5966F /* RectangleBuzzCut.usdz */; };
		CCEF40702A3724DC00E5966F /* RectangleSpiky.usdz in Resources */ = {isa = PBXBuildFile; fileRef = CCEF406A2A3724DC00E5966F /* RectangleSpiky.usdz */; };
		CCEF40712A3724DC00E5966F /* RectanglePompadour.usdz in Resources */ = {isa = PBXBuildFile; fileRef = CCEF406B2A3724DC00E5966F /* RectanglePompadour.usdz */; };
		CCEF40722A3724DC00E5966F /* RectangleSidePart.usdz in Resources */ = {isa = PBXBuildFile; fileRef = CCEF406C2A3724DC00E5966F /* RectangleSidePart.usdz */; };
		CCEF40792A37255F00E5966F /* RoundSpiky.usdz in Resources */ = {isa = PBXBuildFile; fileRef = CCEF40732A37255F00E5966F /* RoundSpiky.usdz */; };
		CCEF407A2A37255F00E5966F /* RoundBuzzCut.usdz in Resources */ = {isa = PBXBuildFile; fileRef = CCEF40742A37255F00E5966F /* RoundBuzzCut.usdz */; };
		CCEF407B2A37255F00E5966F /* RoundPompadour.usdz in Resources */ = {isa = PBXBuildFile; fileRef = CCEF40752A37255F00E5966F /* RoundPompadour.usdz */; };
		CCEF407C2A37255F00E5966F /* RoundTaperSlickback.usdz in Resources */ = {isa = PBXBuildFile; fileRef = CCEF40762A37255F00E5966F /* RoundTaperSlickback.usdz */; };
		CCEF407D2A37255F00E5966F /* RoundShortCrewCut.usdz in Resources */ = {isa = PBXBuildFile; fileRef = CCEF40772A37255F00E5966F /* RoundShortCrewCut.usdz */; };
		CCEF407E2A37255F00E5966F /* RoundSidePart.usdz in Resources */ = {isa = PBXBuildFile; fileRef = CCEF40782A37255F00E5966F /* RoundSidePart.usdz */; };
/* End PBXBuildFile section */

/* Begin PBXFileReference section */
		CC5144162A33999800D5ED87 /* OvalBuzzCut.usdz */ = {isa = PBXFileReference; lastKnownFileType = file.usdz; path = OvalBuzzCut.usdz; sourceTree = "<group>"; };
		CC5144172A33999800D5ED87 /* OvalTaperSlickback.usdz */ = {isa = PBXFileReference; lastKnownFileType = file.usdz; path = OvalTaperSlickback.usdz; sourceTree = "<group>"; };
		CC5144192A33999800D5ED87 /* OvalSpiky.usdz */ = {isa = PBXFileReference; lastKnownFileType = file.usdz; path = OvalSpiky.usdz; sourceTree = "<group>"; };
		CC51441B2A33999800D5ED87 /* OvalShortCrewCut.usdz */ = {isa = PBXFileReference; lastKnownFileType = file.usdz; path = OvalShortCrewCut.usdz; sourceTree = "<group>"; };
		CC51441E2A33999900D5ED87 /* OvalPompadour.usdz */ = {isa = PBXFileReference; lastKnownFileType = file.usdz; path = OvalPompadour.usdz; sourceTree = "<group>"; };
		CC51441F2A33999900D5ED87 /* OvalSidePart.usdz */ = {isa = PBXFileReference; lastKnownFileType = file.usdz; path = OvalSidePart.usdz; sourceTree = "<group>"; };
		CC51444E2A34DEC600D5ED87 /* tubeShape.usdz */ = {isa = PBXFileReference; lastKnownFileType = file.usdz; path = tubeShape.usdz; sourceTree = "<group>"; };
		CC5144532A34FE0700D5ED87 /* faceShapeTest.rcproject */ = {isa = PBXFileReference; lastKnownFileType = file.rcproject; path = faceShapeTest.rcproject; sourceTree = "<group>"; };
		CC5144812A36E47D00D5ED87 /* ARMatching.swift */ = {isa = PBXFileReference; lastKnownFileType = sourcecode.swift; path = ARMatching.swift; sourceTree = "<group>"; };
		CC6E8EB12A28954A0017962E /* ListRecommendatioView.swift */ = {isa = PBXFileReference; lastKnownFileType = sourcecode.swift; path = ListRecommendatioView.swift; sourceTree = "<group>"; };
		CC6E8EB32A2898D80017962E /* ARView.swift */ = {isa = PBXFileReference; lastKnownFileType = sourcecode.swift; path = ARView.swift; sourceTree = "<group>"; };
		CC6E8EB52A28DA710017962E /* CustomSheetView.swift */ = {isa = PBXFileReference; lastKnownFileType = sourcecode.swift; path = CustomSheetView.swift; sourceTree = "<group>"; };
		CC6E8EB72A2905C60017962E /* Preview3dView.swift */ = {isa = PBXFileReference; lastKnownFileType = sourcecode.swift; path = Preview3dView.swift; sourceTree = "<group>"; };
		CC6E8EB92A2906710017962E /* 3dModelData.swift */ = {isa = PBXFileReference; lastKnownFileType = sourcecode.swift; path = 3dModelData.swift; sourceTree = "<group>"; };
		CC6E8EBB2A290BC90017962E /* ColorEnum.swift */ = {isa = PBXFileReference; lastKnownFileType = sourcecode.swift; path = ColorEnum.swift; sourceTree = "<group>"; };
		CC6E8EC52A29C2B90017962E /* ClassModalShow.swift */ = {isa = PBXFileReference; lastKnownFileType = sourcecode.swift; path = ClassModalShow.swift; sourceTree = "<group>"; };
		CC6E8EC72A29C32B0017962E /* DetailRecommendationView.swift */ = {isa = PBXFileReference; lastKnownFileType = sourcecode.swift; path = DetailRecommendationView.swift; sourceTree = "<group>"; };
		CCB2AFE52A24080000086C46 /* PageIntro.swift */ = {isa = PBXFileReference; lastKnownFileType = sourcecode.swift; path = PageIntro.swift; sourceTree = "<group>"; };
		CCB2AFE72A2409E800086C46 /* Home.swift */ = {isa = PBXFileReference; lastKnownFileType = sourcecode.swift; path = Home.swift; sourceTree = "<group>"; };
		CCB2AFE92A254DB500086C46 /* CustomIndicator.swift */ = {isa = PBXFileReference; lastKnownFileType = sourcecode.swift; path = CustomIndicator.swift; sourceTree = "<group>"; };
		CCC679812A1FDC8200F59CA8 /* AssistantReality.app */ = {isa = PBXFileReference; explicitFileType = wrapper.application; includeInIndex = 0; path = AssistantReality.app; sourceTree = BUILT_PRODUCTS_DIR; };
		CCC679842A1FDC8200F59CA8 /* AssistantRealityApp.swift */ = {isa = PBXFileReference; lastKnownFileType = sourcecode.swift; path = AssistantRealityApp.swift; sourceTree = "<group>"; };
		CCC679862A1FDC8200F59CA8 /* ContentView.swift */ = {isa = PBXFileReference; lastKnownFileType = sourcecode.swift; path = ContentView.swift; sourceTree = "<group>"; };
		CCC679882A1FDC8300F59CA8 /* Assets.xcassets */ = {isa = PBXFileReference; lastKnownFileType = folder.assetcatalog; path = Assets.xcassets; sourceTree = "<group>"; };
		CCC6798B2A1FDC8300F59CA8 /* Preview Assets.xcassets */ = {isa = PBXFileReference; lastKnownFileType = folder.assetcatalog; path = "Preview Assets.xcassets"; sourceTree = "<group>"; };
		CCC679922A1FDC9700F59CA8 /* SplashScreen.swift */ = {isa = PBXFileReference; lastKnownFileType = sourcecode.swift; path = SplashScreen.swift; sourceTree = "<group>"; };
		CCC679962A1FEB7700F59CA8 /* Info.plist */ = {isa = PBXFileReference; lastKnownFileType = text.plist; path = Info.plist; sourceTree = "<group>"; };
		CCEF405B2A3723A700E5966F /* DiamondBuzzCut.usdz */ = {isa = PBXFileReference; lastKnownFileType = file.usdz; path = DiamondBuzzCut.usdz; sourceTree = "<group>"; };
		CCEF405C2A3723A800E5966F /* DiamondPompadour.usdz */ = {isa = PBXFileReference; lastKnownFileType = file.usdz; path = DiamondPompadour.usdz; sourceTree = "<group>"; };
		CCEF405D2A3723A800E5966F /* DiamondSpiky.usdz */ = {isa = PBXFileReference; lastKnownFileType = file.usdz; path = DiamondSpiky.usdz; sourceTree = "<group>"; };
		CCEF405E2A3723A800E5966F /* DiamondShortCrewCut.usdz */ = {isa = PBXFileReference; lastKnownFileType = file.usdz; path = DiamondShortCrewCut.usdz; sourceTree = "<group>"; };
		CCEF405F2A3723A800E5966F /* DiamondSidePart.usdz */ = {isa = PBXFileReference; lastKnownFileType = file.usdz; path = DiamondSidePart.usdz; sourceTree = "<group>"; };
		CCEF40602A3723A800E5966F /* DiamondTaperSlickBack.usdz */ = {isa = PBXFileReference; lastKnownFileType = file.usdz; path = DiamondTaperSlickBack.usdz; sourceTree = "<group>"; };
		CCEF40672A3724DC00E5966F /* RectangleShortCrewCut.usdz */ = {isa = PBXFileReference; lastKnownFileType = file.usdz; path = RectangleShortCrewCut.usdz; sourceTree = "<group>"; };
		CCEF40682A3724DC00E5966F /* RectangleTaperSlickback.usdz */ = {isa = PBXFileReference; lastKnownFileType = file.usdz; path = RectangleTaperSlickback.usdz; sourceTree = "<group>"; };
		CCEF40692A3724DC00E5966F /* RectangleBuzzCut.usdz */ = {isa = PBXFileReference; lastKnownFileType = file.usdz; path = RectangleBuzzCut.usdz; sourceTree = "<group>"; };
		CCEF406A2A3724DC00E5966F /* RectangleSpiky.usdz */ = {isa = PBXFileReference; lastKnownFileType = file.usdz; path = RectangleSpiky.usdz; sourceTree = "<group>"; };
		CCEF406B2A3724DC00E5966F /* RectanglePompadour.usdz */ = {isa = PBXFileReference; lastKnownFileType = file.usdz; path = RectanglePompadour.usdz; sourceTree = "<group>"; };
		CCEF406C2A3724DC00E5966F /* RectangleSidePart.usdz */ = {isa = PBXFileReference; lastKnownFileType = file.usdz; path = RectangleSidePart.usdz; sourceTree = "<group>"; };
		CCEF40732A37255F00E5966F /* RoundSpiky.usdz */ = {isa = PBXFileReference; lastKnownFileType = file.usdz; path = RoundSpiky.usdz; sourceTree = "<group>"; };
		CCEF40742A37255F00E5966F /* RoundBuzzCut.usdz */ = {isa = PBXFileReference; lastKnownFileType = file.usdz; path = RoundBuzzCut.usdz; sourceTree = "<group>"; };
		CCEF40752A37255F00E5966F /* RoundPompadour.usdz */ = {isa = PBXFileReference; lastKnownFileType = file.usdz; path = RoundPompadour.usdz; sourceTree = "<group>"; };
		CCEF40762A37255F00E5966F /* RoundTaperSlickback.usdz */ = {isa = PBXFileReference; lastKnownFileType = file.usdz; path = RoundTaperSlickback.usdz; sourceTree = "<group>"; };
		CCEF40772A37255F00E5966F /* RoundShortCrewCut.usdz */ = {isa = PBXFileReference; lastKnownFileType = file.usdz; path = RoundShortCrewCut.usdz; sourceTree = "<group>"; };
		CCEF40782A37255F00E5966F /* RoundSidePart.usdz */ = {isa = PBXFileReference; lastKnownFileType = file.usdz; path = RoundSidePart.usdz; sourceTree = "<group>"; };
/* End PBXFileReference section */

/* Begin PBXFrameworksBuildPhase section */
		CCC6797E2A1FDC8200F59CA8 /* Frameworks */ = {
			isa = PBXFrameworksBuildPhase;
			buildActionMask = 2147483647;
			files = (
			);
			runOnlyForDeploymentPostprocessing = 0;
		};
/* End PBXFrameworksBuildPhase section */

/* Begin PBXGroup section */
		CC5144522A34FDC600D5ED87 /* RealityComposer */ = {
			isa = PBXGroup;
			children = (
				CC5144532A34FE0700D5ED87 /* faceShapeTest.rcproject */,
			);
			path = RealityComposer;
			sourceTree = "<group>";
		};
		CC6E8EC12A29C24B0017962E /* 3dModel */ = {
			isa = PBXGroup;
			children = (
				CCEF40742A37255F00E5966F /* RoundBuzzCut.usdz */,
				CCEF40752A37255F00E5966F /* RoundPompadour.usdz */,
				CCEF40772A37255F00E5966F /* RoundShortCrewCut.usdz */,
				CCEF40782A37255F00E5966F /* RoundSidePart.usdz */,
				CCEF40732A37255F00E5966F /* RoundSpiky.usdz */,
				CCEF40762A37255F00E5966F /* RoundTaperSlickback.usdz */,
				CCEF40692A3724DC00E5966F /* RectangleBuzzCut.usdz */,
				CCEF406B2A3724DC00E5966F /* RectanglePompadour.usdz */,
				CCEF40672A3724DC00E5966F /* RectangleShortCrewCut.usdz */,
				CCEF406C2A3724DC00E5966F /* RectangleSidePart.usdz */,
				CCEF406A2A3724DC00E5966F /* RectangleSpiky.usdz */,
				CCEF40682A3724DC00E5966F /* RectangleTaperSlickback.usdz */,
				CCEF405B2A3723A700E5966F /* DiamondBuzzCut.usdz */,
				CCEF405C2A3723A800E5966F /* DiamondPompadour.usdz */,
				CCEF405E2A3723A800E5966F /* DiamondShortCrewCut.usdz */,
				CCEF405F2A3723A800E5966F /* DiamondSidePart.usdz */,
				CCEF405D2A3723A800E5966F /* DiamondSpiky.usdz */,
				CCEF40602A3723A800E5966F /* DiamondTaperSlickBack.usdz */,
				CC51444E2A34DEC600D5ED87 /* tubeShape.usdz */,
				CC5144162A33999800D5ED87 /* OvalBuzzCut.usdz */,
				CC51441E2A33999900D5ED87 /* OvalPompadour.usdz */,
				CC51441B2A33999800D5ED87 /* OvalShortCrewCut.usdz */,
				CC51441F2A33999900D5ED87 /* OvalSidePart.usdz */,
				CC5144192A33999800D5ED87 /* OvalSpiky.usdz */,
				CC5144172A33999800D5ED87 /* OvalTaperSlickback.usdz */,
			);
			path = 3dModel;
			sourceTree = "<group>";
		};
		CC6E8EC42A29C2A40017962E /* Class */ = {
			isa = PBXGroup;
			children = (
				CC6E8EC52A29C2B90017962E /* ClassModalShow.swift */,
			);
			path = Class;
			sourceTree = "<group>";
		};
		CCB2AFE32A2407D000086C46 /* Model */ = {
			isa = PBXGroup;
			children = (
				CCB2AFE52A24080000086C46 /* PageIntro.swift */,
				CC6E8EB92A2906710017962E /* 3dModelData.swift */,
				CC6E8EBB2A290BC90017962E /* ColorEnum.swift */,
			);
			path = Model;
			sourceTree = "<group>";
		};
		CCB2AFE42A2407D900086C46 /* View */ = {
			isa = PBXGroup;
			children = (
				CCB2AFE72A2409E800086C46 /* Home.swift */,
				CCB2AFE92A254DB500086C46 /* CustomIndicator.swift */,
				CC6E8EB12A28954A0017962E /* ListRecommendatioView.swift */,
				CC6E8EB32A2898D80017962E /* ARView.swift */,
				CC6E8EB52A28DA710017962E /* CustomSheetView.swift */,
				CC6E8EB72A2905C60017962E /* Preview3dView.swift */,
				CC6E8EC72A29C32B0017962E /* DetailRecommendationView.swift */,
				CC5144812A36E47D00D5ED87 /* ARMatching.swift */,
			);
			path = View;
			sourceTree = "<group>";
		};
		CCC679782A1FDC8200F59CA8 = {
			isa = PBXGroup;
			children = (
				CCC679832A1FDC8200F59CA8 /* AssistantReality */,
				CCC679822A1FDC8200F59CA8 /* Products */,
			);
			sourceTree = "<group>";
		};
		CCC679822A1FDC8200F59CA8 /* Products */ = {
			isa = PBXGroup;
			children = (
				CCC679812A1FDC8200F59CA8 /* AssistantReality.app */,
			);
			name = Products;
			sourceTree = "<group>";
		};
		CCC679832A1FDC8200F59CA8 /* AssistantReality */ = {
			isa = PBXGroup;
			children = (
				CC5144522A34FDC600D5ED87 /* RealityComposer */,
				CC6E8EC42A29C2A40017962E /* Class */,
				CC6E8EC12A29C24B0017962E /* 3dModel */,
				CCB2AFE42A2407D900086C46 /* View */,
				CCB2AFE32A2407D000086C46 /* Model */,
				CCC679962A1FEB7700F59CA8 /* Info.plist */,
				CCC679842A1FDC8200F59CA8 /* AssistantRealityApp.swift */,
				CCC679862A1FDC8200F59CA8 /* ContentView.swift */,
				CCC679922A1FDC9700F59CA8 /* SplashScreen.swift */,
				CCC679882A1FDC8300F59CA8 /* Assets.xcassets */,
				CCC6798A2A1FDC8300F59CA8 /* Preview Content */,
			);
			path = AssistantReality;
			sourceTree = "<group>";
		};
		CCC6798A2A1FDC8300F59CA8 /* Preview Content */ = {
			isa = PBXGroup;
			children = (
				CCC6798B2A1FDC8300F59CA8 /* Preview Assets.xcassets */,
			);
			path = "Preview Content";
			sourceTree = "<group>";
		};
/* End PBXGroup section */

/* Begin PBXNativeTarget section */
		CCC679802A1FDC8200F59CA8 /* AssistantReality */ = {
			isa = PBXNativeTarget;
			buildConfigurationList = CCC6798F2A1FDC8300F59CA8 /* Build configuration list for PBXNativeTarget "AssistantReality" */;
			buildPhases = (
				CCC6797D2A1FDC8200F59CA8 /* Sources */,
				CCC6797E2A1FDC8200F59CA8 /* Frameworks */,
				CCC6797F2A1FDC8200F59CA8 /* Resources */,
			);
			buildRules = (
			);
			dependencies = (
			);
			name = AssistantReality;
			productName = AssistantReality;
			productReference = CCC679812A1FDC8200F59CA8 /* AssistantReality.app */;
			productType = "com.apple.product-type.application";
		};
/* End PBXNativeTarget section */

/* Begin PBXProject section */
		CCC679792A1FDC8200F59CA8 /* Project object */ = {
			isa = PBXProject;
			attributes = {
				BuildIndependentTargetsInParallel = 1;
				LastSwiftUpdateCheck = 1430;
				LastUpgradeCheck = 1430;
				TargetAttributes = {
					CCC679802A1FDC8200F59CA8 = {
						CreatedOnToolsVersion = 14.3;
					};
				};
			};
			buildConfigurationList = CCC6797C2A1FDC8200F59CA8 /* Build configuration list for PBXProject "AssistantReality" */;
			compatibilityVersion = "Xcode 14.0";
			developmentRegion = en;
			hasScannedForEncodings = 0;
			knownRegions = (
				en,
				Base,
			);
			mainGroup = CCC679782A1FDC8200F59CA8;
			productRefGroup = CCC679822A1FDC8200F59CA8 /* Products */;
			projectDirPath = "";
			projectRoot = "";
			targets = (
				CCC679802A1FDC8200F59CA8 /* AssistantReality */,
			);
		};
/* End PBXProject section */

/* Begin PBXResourcesBuildPhase section */
		CCC6797F2A1FDC8200F59CA8 /* Resources */ = {
			isa = PBXResourcesBuildPhase;
			buildActionMask = 2147483647;
			files = (
				CCEF40722A3724DC00E5966F /* RectangleSidePart.usdz in Resources */,
				CCEF406D2A3724DC00E5966F /* RectangleShortCrewCut.usdz in Resources */,
				CCEF40622A3723A800E5966F /* DiamondPompadour.usdz in Resources */,
				CCEF407D2A37255F00E5966F /* RoundShortCrewCut.usdz in Resources */,
				CCC6798C2A1FDC8300F59CA8 /* Preview Assets.xcassets in Resources */,
				CCEF407C2A37255F00E5966F /* RoundTaperSlickback.usdz in Resources */,
				CCEF40712A3724DC00E5966F /* RectanglePompadour.usdz in Resources */,
				CCEF40652A3723A800E5966F /* DiamondSidePart.usdz in Resources */,
				CC5144292A33999900D5ED87 /* OvalShortCrewCut.usdz in Resources */,
				CCC679892A1FDC8300F59CA8 /* Assets.xcassets in Resources */,
				CC51444F2A34DEC700D5ED87 /* tubeShape.usdz in Resources */,
				CCEF40702A3724DC00E5966F /* RectangleSpiky.usdz in Resources */,
				CC51442C2A33999900D5ED87 /* OvalPompadour.usdz in Resources */,
				CCEF407E2A37255F00E5966F /* RoundSidePart.usdz in Resources */,
				CC51442D2A33999900D5ED87 /* OvalSidePart.usdz in Resources */,
				CCEF407A2A37255F00E5966F /* RoundBuzzCut.usdz in Resources */,
				CC5144272A33999900D5ED87 /* OvalSpiky.usdz in Resources */,
				CCEF40792A37255F00E5966F /* RoundSpiky.usdz in Resources */,
				CCEF40642A3723A800E5966F /* DiamondShortCrewCut.usdz in Resources */,
				CC5144242A33999900D5ED87 /* OvalBuzzCut.usdz in Resources */,
				CCEF406E2A3724DC00E5966F /* RectangleTaperSlickback.usdz in Resources */,
				CCEF406F2A3724DC00E5966F /* RectangleBuzzCut.usdz in Resources */,
				CCEF40632A3723A800E5966F /* DiamondSpiky.usdz in Resources */,
				CCEF40612A3723A800E5966F /* DiamondBuzzCut.usdz in Resources */,
				CCEF40662A3723A800E5966F /* DiamondTaperSlickBack.usdz in Resources */,
				CCEF407B2A37255F00E5966F /* RoundPompadour.usdz in Resources */,
				CC5144252A33999900D5ED87 /* OvalTaperSlickback.usdz in Resources */,
			);
			runOnlyForDeploymentPostprocessing = 0;
		};
/* End PBXResourcesBuildPhase section */

/* Begin PBXSourcesBuildPhase section */
		CCC6797D2A1FDC8200F59CA8 /* Sources */ = {
			isa = PBXSourcesBuildPhase;
			buildActionMask = 2147483647;
			files = (
				CCC679932A1FDC9700F59CA8 /* SplashScreen.swift in Sources */,
				CC5144542A34FE0700D5ED87 /* faceShapeTest.rcproject in Sources */,
				CCC679872A1FDC8200F59CA8 /* ContentView.swift in Sources */,
				CCB2AFEA2A254DB500086C46 /* CustomIndicator.swift in Sources */,
				CCB2AFE82A2409E800086C46 /* Home.swift in Sources */,
				CC6E8EB22A28954A0017962E /* ListRecommendatioView.swift in Sources */,
				CC6E8EB42A2898D80017962E /* ARView.swift in Sources */,
				CC6E8EC62A29C2B90017962E /* ClassModalShow.swift in Sources */,
				CC6E8EB62A28DA710017962E /* CustomSheetView.swift in Sources */,
				CC5144822A36E47D00D5ED87 /* ARMatching.swift in Sources */,
				CCC679852A1FDC8200F59CA8 /* AssistantRealityApp.swift in Sources */,
				CC6E8EBA2A2906710017962E /* 3dModelData.swift in Sources */,
				CC6E8EC82A29C32B0017962E /* DetailRecommendationView.swift in Sources */,
				CC6E8EB82A2905C60017962E /* Preview3dView.swift in Sources */,
				CC6E8EBC2A290BC90017962E /* ColorEnum.swift in Sources */,
				CCB2AFE62A24080000086C46 /* PageIntro.swift in Sources */,
			);
			runOnlyForDeploymentPostprocessing = 0;
		};
/* End PBXSourcesBuildPhase section */

/* Begin XCBuildConfiguration section */
		CCC6798D2A1FDC8300F59CA8 /* Debug */ = {
			isa = XCBuildConfiguration;
			buildSettings = {
				ALWAYS_SEARCH_USER_PATHS = NO;
				CLANG_ANALYZER_NONNULL = YES;
				CLANG_ANALYZER_NUMBER_OBJECT_CONVERSION = YES_AGGRESSIVE;
				CLANG_CXX_LANGUAGE_STANDARD = "gnu++20";
				CLANG_ENABLE_MODULES = YES;
				CLANG_ENABLE_OBJC_ARC = YES;
				CLANG_ENABLE_OBJC_WEAK = YES;
				CLANG_WARN_BLOCK_CAPTURE_AUTORELEASING = YES;
				CLANG_WARN_BOOL_CONVERSION = YES;
				CLANG_WARN_COMMA = YES;
				CLANG_WARN_CONSTANT_CONVERSION = YES;
				CLANG_WARN_DEPRECATED_OBJC_IMPLEMENTATIONS = YES;
				CLANG_WARN_DIRECT_OBJC_ISA_USAGE = YES_ERROR;
				CLANG_WARN_DOCUMENTATION_COMMENTS = YES;
				CLANG_WARN_EMPTY_BODY = YES;
				CLANG_WARN_ENUM_CONVERSION = YES;
				CLANG_WARN_INFINITE_RECURSION = YES;
				CLANG_WARN_INT_CONVERSION = YES;
				CLANG_WARN_NON_LITERAL_NULL_CONVERSION = YES;
				CLANG_WARN_OBJC_IMPLICIT_RETAIN_SELF = YES;
				CLANG_WARN_OBJC_LITERAL_CONVERSION = YES;
				CLANG_WARN_OBJC_ROOT_CLASS = YES_ERROR;
				CLANG_WARN_QUOTED_INCLUDE_IN_FRAMEWORK_HEADER = YES;
				CLANG_WARN_RANGE_LOOP_ANALYSIS = YES;
				CLANG_WARN_STRICT_PROTOTYPES = YES;
				CLANG_WARN_SUSPICIOUS_MOVE = YES;
				CLANG_WARN_UNGUARDED_AVAILABILITY = YES_AGGRESSIVE;
				CLANG_WARN_UNREACHABLE_CODE = YES;
				CLANG_WARN__DUPLICATE_METHOD_MATCH = YES;
				COPY_PHASE_STRIP = NO;
				DEBUG_INFORMATION_FORMAT = dwarf;
				ENABLE_STRICT_OBJC_MSGSEND = YES;
				ENABLE_TESTABILITY = YES;
				GCC_C_LANGUAGE_STANDARD = gnu11;
				GCC_DYNAMIC_NO_PIC = NO;
				GCC_NO_COMMON_BLOCKS = YES;
				GCC_OPTIMIZATION_LEVEL = 0;
				GCC_PREPROCESSOR_DEFINITIONS = (
					"DEBUG=1",
					"$(inherited)",
				);
				GCC_WARN_64_TO_32_BIT_CONVERSION = YES;
				GCC_WARN_ABOUT_RETURN_TYPE = YES_ERROR;
				GCC_WARN_UNDECLARED_SELECTOR = YES;
				GCC_WARN_UNINITIALIZED_AUTOS = YES_AGGRESSIVE;
				GCC_WARN_UNUSED_FUNCTION = YES;
				GCC_WARN_UNUSED_VARIABLE = YES;
				IPHONEOS_DEPLOYMENT_TARGET = 16.4;
				MTL_ENABLE_DEBUG_INFO = INCLUDE_SOURCE;
				MTL_FAST_MATH = YES;
				ONLY_ACTIVE_ARCH = YES;
				SDKROOT = iphoneos;
				SWIFT_ACTIVE_COMPILATION_CONDITIONS = DEBUG;
				SWIFT_OPTIMIZATION_LEVEL = "-Onone";
			};
			name = Debug;
		};
		CCC6798E2A1FDC8300F59CA8 /* Release */ = {
			isa = XCBuildConfiguration;
			buildSettings = {
				ALWAYS_SEARCH_USER_PATHS = NO;
				CLANG_ANALYZER_NONNULL = YES;
				CLANG_ANALYZER_NUMBER_OBJECT_CONVERSION = YES_AGGRESSIVE;
				CLANG_CXX_LANGUAGE_STANDARD = "gnu++20";
				CLANG_ENABLE_MODULES = YES;
				CLANG_ENABLE_OBJC_ARC = YES;
				CLANG_ENABLE_OBJC_WEAK = YES;
				CLANG_WARN_BLOCK_CAPTURE_AUTORELEASING = YES;
				CLANG_WARN_BOOL_CONVERSION = YES;
				CLANG_WARN_COMMA = YES;
				CLANG_WARN_CONSTANT_CONVERSION = YES;
				CLANG_WARN_DEPRECATED_OBJC_IMPLEMENTATIONS = YES;
				CLANG_WARN_DIRECT_OBJC_ISA_USAGE = YES_ERROR;
				CLANG_WARN_DOCUMENTATION_COMMENTS = YES;
				CLANG_WARN_EMPTY_BODY = YES;
				CLANG_WARN_ENUM_CONVERSION = YES;
				CLANG_WARN_INFINITE_RECURSION = YES;
				CLANG_WARN_INT_CONVERSION = YES;
				CLANG_WARN_NON_LITERAL_NULL_CONVERSION = YES;
				CLANG_WARN_OBJC_IMPLICIT_RETAIN_SELF = YES;
				CLANG_WARN_OBJC_LITERAL_CONVERSION = YES;
				CLANG_WARN_OBJC_ROOT_CLASS = YES_ERROR;
				CLANG_WARN_QUOTED_INCLUDE_IN_FRAMEWORK_HEADER = YES;
				CLANG_WARN_RANGE_LOOP_ANALYSIS = YES;
				CLANG_WARN_STRICT_PROTOTYPES = YES;
				CLANG_WARN_SUSPICIOUS_MOVE = YES;
				CLANG_WARN_UNGUARDED_AVAILABILITY = YES_AGGRESSIVE;
				CLANG_WARN_UNREACHABLE_CODE = YES;
				CLANG_WARN__DUPLICATE_METHOD_MATCH = YES;
				COPY_PHASE_STRIP = NO;
				DEBUG_INFORMATION_FORMAT = "dwarf-with-dsym";
				ENABLE_NS_ASSERTIONS = NO;
				ENABLE_STRICT_OBJC_MSGSEND = YES;
				GCC_C_LANGUAGE_STANDARD = gnu11;
				GCC_NO_COMMON_BLOCKS = YES;
				GCC_WARN_64_TO_32_BIT_CONVERSION = YES;
				GCC_WARN_ABOUT_RETURN_TYPE = YES_ERROR;
				GCC_WARN_UNDECLARED_SELECTOR = YES;
				GCC_WARN_UNINITIALIZED_AUTOS = YES_AGGRESSIVE;
				GCC_WARN_UNUSED_FUNCTION = YES;
				GCC_WARN_UNUSED_VARIABLE = YES;
				IPHONEOS_DEPLOYMENT_TARGET = 16.4;
				MTL_ENABLE_DEBUG_INFO = NO;
				MTL_FAST_MATH = YES;
				SDKROOT = iphoneos;
				SWIFT_COMPILATION_MODE = wholemodule;
				SWIFT_OPTIMIZATION_LEVEL = "-O";
				VALIDATE_PRODUCT = YES;
			};
			name = Release;
		};
		CCC679902A1FDC8300F59CA8 /* Debug */ = {
			isa = XCBuildConfiguration;
			buildSettings = {
				ASSETCATALOG_COMPILER_APPICON_NAME = AppIcon;
				ASSETCATALOG_COMPILER_GLOBAL_ACCENT_COLOR_NAME = AccentColor;
				CODE_SIGN_STYLE = Automatic;
				CURRENT_PROJECT_VERSION = 1;
				DEVELOPMENT_ASSET_PATHS = "\"AssistantReality/Preview Content\"";
				DEVELOPMENT_TEAM = MNPQBHRKTX;
				ENABLE_PREVIEWS = YES;
				GENERATE_INFOPLIST_FILE = YES;
				INFOPLIST_FILE = AssistantReality/Info.plist;
				INFOPLIST_KEY_NSCameraUsageDescription = "Need to Show AR";
				INFOPLIST_KEY_UIApplicationSceneManifest_Generation = YES;
				INFOPLIST_KEY_UIApplicationSupportsIndirectInputEvents = YES;
				INFOPLIST_KEY_UILaunchScreen_Generation = YES;
				INFOPLIST_KEY_UISupportedInterfaceOrientations_iPad = "UIInterfaceOrientationPortrait UIInterfaceOrientationPortraitUpsideDown UIInterfaceOrientationLandscapeLeft UIInterfaceOrientationLandscapeRight";
				INFOPLIST_KEY_UISupportedInterfaceOrientations_iPhone = "UIInterfaceOrientationPortrait UIInterfaceOrientationLandscapeLeft UIInterfaceOrientationLandscapeRight";
				IPHONEOS_DEPLOYMENT_TARGET = 16.0;
				LD_RUNPATH_SEARCH_PATHS = (
					"$(inherited)",
					"@executable_path/Frameworks",
				);
				MARKETING_VERSION = 1.0;
				PRODUCT_BUNDLE_IDENTIFIER = ir.AssistantReality;
				PRODUCT_NAME = "$(TARGET_NAME)";
				SWIFT_EMIT_LOC_STRINGS = YES;
				SWIFT_VERSION = 5.0;
				TARGETED_DEVICE_FAMILY = "1,2";
			};
			name = Debug;
		};
		CCC679912A1FDC8300F59CA8 /* Release */ = {
			isa = XCBuildConfiguration;
			buildSettings = {
				ASSETCATALOG_COMPILER_APPICON_NAME = AppIcon;
				ASSETCATALOG_COMPILER_GLOBAL_ACCENT_COLOR_NAME = AccentColor;
				CODE_SIGN_STYLE = Automatic;
				CURRENT_PROJECT_VERSION = 1;
				DEVELOPMENT_ASSET_PATHS = "\"AssistantReality/Preview Content\"";
				DEVELOPMENT_TEAM = MNPQBHRKTX;
				ENABLE_PREVIEWS = YES;
				GENERATE_INFOPLIST_FILE = YES;
				INFOPLIST_FILE = AssistantReality/Info.plist;
				INFOPLIST_KEY_NSCameraUsageDescription = "Need to Show AR";
				INFOPLIST_KEY_UIApplicationSceneManifest_Generation = YES;
				INFOPLIST_KEY_UIApplicationSupportsIndirectInputEvents = YES;
				INFOPLIST_KEY_UILaunchScreen_Generation = YES;
				INFOPLIST_KEY_UISupportedInterfaceOrientations_iPad = "UIInterfaceOrientationPortrait UIInterfaceOrientationPortraitUpsideDown UIInterfaceOrientationLandscapeLeft UIInterfaceOrientationLandscapeRight";
				INFOPLIST_KEY_UISupportedInterfaceOrientations_iPhone = "UIInterfaceOrientationPortrait UIInterfaceOrientationLandscapeLeft UIInterfaceOrientationLandscapeRight";
				IPHONEOS_DEPLOYMENT_TARGET = 16.0;
				LD_RUNPATH_SEARCH_PATHS = (
					"$(inherited)",
					"@executable_path/Frameworks",
				);
				MARKETING_VERSION = 1.0;
				PRODUCT_BUNDLE_IDENTIFIER = ir.AssistantReality;
				PRODUCT_NAME = "$(TARGET_NAME)";
				SWIFT_EMIT_LOC_STRINGS = YES;
				SWIFT_VERSION = 5.0;
				TARGETED_DEVICE_FAMILY = "1,2";
			};
			name = Release;
		};
/* End XCBuildConfiguration section */

/* Begin XCConfigurationList section */
		CCC6797C2A1FDC8200F59CA8 /* Build configuration list for PBXProject "AssistantReality" */ = {
			isa = XCConfigurationList;
			buildConfigurations = (
				CCC6798D2A1FDC8300F59CA8 /* Debug */,
				CCC6798E2A1FDC8300F59CA8 /* Release */,
			);
			defaultConfigurationIsVisible = 0;
			defaultConfigurationName = Release;
		};
		CCC6798F2A1FDC8300F59CA8 /* Build configuration list for PBXNativeTarget "AssistantReality" */ = {
			isa = XCConfigurationList;
			buildConfigurations = (
				CCC679902A1FDC8300F59CA8 /* Debug */,
				CCC679912A1FDC8300F59CA8 /* Release */,
			);
			defaultConfigurationIsVisible = 0;
			defaultConfigurationName = Release;
		};
/* End XCConfigurationList section */
	};
	rootObject = CCC679792A1FDC8200F59CA8 /* Project object */;
}
